
Microsoft Visual Studio Solution File, Format Version 12.00
# Visual Studio Version 17
VisualStudioVersion = 17.14.36811.4 d17.14
MinimumVisualStudioVersion = 10.0.40219.1
Project("{FAE04EC0-301F-11D3-BF4B-00C04F79EFBC}") = "PhotoDuplicateDetector", "PhotoDuplicateDetector\PhotoDuplicateDetector.csproj", "{2C765095-B644-4359-B0E9-174D0D67BA5D}"
EndProject
Global
	GlobalSection(SolutionConfigurationPlatforms) = preSolution
		Debug|Any CPU = Debug|Any CPU
		Release|Any CPU = Release|Any CPU
	EndGlobalSection
	GlobalSection(ProjectConfigurationPlatforms) = postSolution
		{2C765095-B644-4359-B0E9-174D0D67BA5D}.Debug|Any CPU.ActiveCfg = Debug|Any CPU
		{2C765095-B644-4359-B0E9-174D0D67BA5D}.Debug|Any CPU.Build.0 = Debug|Any CPU
		{2C765095-B644-4359-B0E9-174D0D67BA5D}.Release|Any CPU.ActiveCfg = Release|Any CPU
		{2C765095-B644-4359-B0E9-174D0D67BA5D}.Release|Any CPU.Build.0 = Release|Any CPU
	EndGlobalSection
	GlobalSection(SolutionProperties) = preSolution
		HideSolutionNode = FALSE
	EndGlobalSection
	GlobalSection(ExtensibilityGlobals) = postSolution
		SolutionGuid = {3886DCF2-E095-4CCB-B4D5-2697C781E074}
	EndGlobalSection
EndGlobal
